schema: '2.0'
stages:
  build_features:
    cmd: python -m src.features.build_features
    deps:
    - path: data/raw/database.sqlite
      hash: md5
      md5: 19247253bf5734b93e5c43c34b126365
      size: 313090048
    - path: src/features/build_features.py
      hash: md5
      md5: f1f7fbbfef31c85b2ec027a547e8b525
      size: 20446
    - path: src/utils/logger.py
      hash: md5
      md5: da79a8b06744206d7f95a3117878ecab
      size: 3881
    params:
      params.yaml:
        features.h2h_window_size: 5
        features.rolling_window_size: 5
        split.production_seasons:
        - 2015/2016
        split.test_seasons:
        - 2014/2015
        split.train_seasons:
        - 2008/2009
        - 2009/2010
        - 2010/2011
        - 2011/2012
        - 2012/2013
        - 2013/2014
    outs:
    - path: data/processed/team_elos.csv
      hash: md5
      md5: 991fcd4582dfa0f307059557319c668f
      size: 7171
    - path: data/processed/team_lookup.csv
      hash: md5
      md5: 13905ac354d8a07ced00c4bf9d27f34a
      size: 6879
    - path: data/processed/test.csv
      hash: md5
      md5: be4d37bc36614f0c1b4c0e583e3380a1
      size: 891099
    - path: data/processed/train.csv
      hash: md5
      md5: 7b08506a92c6c463d62521aff15163d8
      size: 6391624
    - path: data/production/season_2015_16.csv
      hash: md5
      md5: 12cab36f0d216ad1552495ea2e6cb356
      size: 869824
  train:
    cmd: python -m src.training.train
    deps:
    - path: data/processed/test.csv
      hash: md5
      md5: be4d37bc36614f0c1b4c0e583e3380a1
      size: 891099
    - path: data/processed/train.csv
      hash: md5
      md5: 7b08506a92c6c463d62521aff15163d8
      size: 6391624
    - path: src/training/train.py
      hash: md5
      md5: 83d003501704ad3457d18dacd41e69cb
      size: 14354
    - path: src/utils/logger.py
      hash: md5
      md5: da79a8b06744206d7f95a3117878ecab
      size: 3881
    params:
      params.yaml:
        algorithms.lightgbm:
          num_leaves: 15
          learning_rate: 0.03
          n_estimators: 1000
          min_child_samples: 20
          reg_alpha: 0.1
          reg_lambda: 0.1
          subsample: 0.8
          colsample_bytree: 0.8
          class_weight: balanced
          random_state: 42
        training:
          val_fraction: 0.15
          early_stopping_rounds: 50
    outs:
    - path: models/feature_importance.png
      hash: md5
      md5: d2d878c28393b8acb8574e3c54d8d7fc
      size: 107051
    - path: models/lightgbm_baseline.pkl
      hash: md5
      md5: 8304e0e7eb6ae8daf149bfce8a65ec95
      size: 503484
    - path: models/metrics.json
      hash: md5
      md5: 324fbec575497c3fb27f9d1a4ad4c2ca
      size: 1368
    - path: models/training_metadata.json
      hash: md5
      md5: 0142dc87e50e47194daab3eca19a9385
      size: 1529
  train_xgboost:
    cmd: python -m src.training.train_xgboost
    deps:
    - path: data/processed/test.csv
      hash: md5
      md5: be4d37bc36614f0c1b4c0e583e3380a1
      size: 891099
    - path: data/processed/train.csv
      hash: md5
      md5: 7b08506a92c6c463d62521aff15163d8
      size: 6391624
    - path: src/training/train_xgboost.py
      hash: md5
      md5: f17d957718cd148236e3e25127102dfd
      size: 9991
    - path: src/utils/logger.py
      hash: md5
      md5: da79a8b06744206d7f95a3117878ecab
      size: 3881
    params:
      params.yaml:
        algorithms.xgboost:
          max_depth: 6
          learning_rate: 0.05
          n_estimators: 1000
          min_child_weight: 5
          reg_alpha: 0.1
          reg_lambda: 0.1
          subsample: 0.8
          colsample_bytree: 0.8
          objective: multi:softprob
          eval_metric: mlogloss
          random_state: 42
          tree_method: hist
          use_label_encoder: false
        training:
          val_fraction: 0.15
          early_stopping_rounds: 50
    outs:
    - path: models/xgboost_experiment.pkl
      hash: md5
      md5: ee0033c127647eff70ee4f26e2c7aa2f
      size: 1364346
    - path: models/xgboost_feature_importance.png
      hash: md5
      md5: a08c27001ab33bbb311c3c6494cfca76
      size: 81912
    - path: models/xgboost_metrics.json
      hash: md5
      md5: f222610802428254a83a466df81daee3
      size: 671
  evaluate_production:
    cmd: python -m src.evaluation.evaluate_production
    deps:
    - path: data/production/season_2015_16.csv
      hash: md5
      md5: 12cab36f0d216ad1552495ea2e6cb356
      size: 869824
    - path: models/lightgbm_baseline.pkl
      hash: md5
      md5: 8304e0e7eb6ae8daf149bfce8a65ec95
      size: 503484
    - path: models/metrics.json
      hash: md5
      md5: 324fbec575497c3fb27f9d1a4ad4c2ca
      size: 1368
    - path: src/evaluation/evaluate_production.py
      hash: md5
      md5: 8b0f8e4a66116db5bfa110fb9a5250da
      size: 11045
    - path: src/utils/logger.py
      hash: md5
      md5: da79a8b06744206d7f95a3117878ecab
      size: 3881
    outs:
    - path: models/production_drift_report.json
      hash: md5
      md5: cb0a539938a8fbdfa79000a23c8fff0e
      size: 483
